
Microsoft Visual Studio Solution File, Format Version 12.00
# Visual Studio Version 16
VisualStudioVersion = 16.0.30204.135
MinimumVisualStudioVersion = 10.0.40219.1
Project("{888888A0-9F3D-457C-B088-3A5042F75D52}") = "PythonApplication8.5", "PythonApplication8.5.pyproj", "{A5DE162F-2D7A-432F-BEC4-C5B58EB7C81B}"
EndProject
Global
	GlobalSection(SolutionConfigurationPlatforms) = preSolution
		Debug|Any CPU = Debug|Any CPU
		Release|Any CPU = Release|Any CPU
	EndGlobalSection
	GlobalSection(ProjectConfigurationPlatforms) = postSolution
		{A5DE162F-2D7A-432F-BEC4-C5B58EB7C81B}.Debug|Any CPU.ActiveCfg = Debug|Any CPU
		{A5DE162F-2D7A-432F-BEC4-C5B58EB7C81B}.Release|Any CPU.ActiveCfg = Release|Any CPU
	EndGlobalSection
	GlobalSection(SolutionProperties) = preSolution
		HideSolutionNode = FALSE
	EndGlobalSection
	GlobalSection(ExtensibilityGlobals) = postSolution
		SolutionGuid = {723298EE-24F9-4E49-8916-4CD63E606962}
	EndGlobalSection
EndGlobal
