
Microsoft Visual Studio Solution File, Format Version 12.00
# Visual Studio Version 16
VisualStudioVersion = 16.0.30204.135
MinimumVisualStudioVersion = 10.0.40219.1
Project("{888888A0-9F3D-457C-B088-3A5042F75D52}") = "PythonApplication8.4", "PythonApplication8.4.pyproj", "{CAFCBFB0-BCAE-4AD5-9F0D-AEC4642A8E2C}"
EndProject
Global
	GlobalSection(SolutionConfigurationPlatforms) = preSolution
		Debug|Any CPU = Debug|Any CPU
		Release|Any CPU = Release|Any CPU
	EndGlobalSection
	GlobalSection(ProjectConfigurationPlatforms) = postSolution
		{CAFCBFB0-BCAE-4AD5-9F0D-AEC4642A8E2C}.Debug|Any CPU.ActiveCfg = Debug|Any CPU
		{CAFCBFB0-BCAE-4AD5-9F0D-AEC4642A8E2C}.Release|Any CPU.ActiveCfg = Release|Any CPU
	EndGlobalSection
	GlobalSection(SolutionProperties) = preSolution
		HideSolutionNode = FALSE
	EndGlobalSection
	GlobalSection(ExtensibilityGlobals) = postSolution
		SolutionGuid = {159CE2E0-37BF-4DA9-969B-518CB7824AF3}
	EndGlobalSection
EndGlobal
